{
  "name": "state-bridge",
  "version": "0.0.0",
  "lockfileVersion": 1,
  "requires": true,
  "dependencies": {
    "state-util": {
      "version": "0.2.2",
      "resolved": "https://registry.npmjs.org/state-util/-/state-util-0.2.2.tgz",
      "integrity": "sha512-dQoI53QWcQdWIUvXv1bHOL4FzSo/mg1sz0SzrM4jo3nK9EJh+3AU8QCb+2vnn85naF9I9UAqW1OFFC3gQ1CBZA=="
    }
  }
}
